
Microsoft Visual Studio Solution File, Format Version 12.00
# Visual Studio Version 17
VisualStudioVersion = 17.7.34031.279
MinimumVisualStudioVersion = 10.0.40219.1
Project("{FAE04EC0-301F-11D3-BF4B-00C04F79EFBC}") = "AD_Test", "AD_Test.csproj", "{942124CE-5C9B-4C9E-89AA-2C76CCD0FC8B}"
EndProject
Global
	GlobalSection(SolutionConfigurationPlatforms) = preSolution
		Debug|Any CPU = Debug|Any CPU
		Release|Any CPU = Release|Any CPU
	EndGlobalSection
	GlobalSection(ProjectConfigurationPlatforms) = postSolution
		{942124CE-5C9B-4C9E-89AA-2C76CCD0FC8B}.Debug|Any CPU.ActiveCfg = Debug|Any CPU
		{942124CE-5C9B-4C9E-89AA-2C76CCD0FC8B}.Debug|Any CPU.Build.0 = Debug|Any CPU
		{942124CE-5C9B-4C9E-89AA-2C76CCD0FC8B}.Release|Any CPU.ActiveCfg = Release|Any CPU
		{942124CE-5C9B-4C9E-89AA-2C76CCD0FC8B}.Release|Any CPU.Build.0 = Release|Any CPU
	EndGlobalSection
	GlobalSection(SolutionProperties) = preSolution
		HideSolutionNode = FALSE
	EndGlobalSection
	GlobalSection(ExtensibilityGlobals) = postSolution
		SolutionGuid = {3874459A-C9AA-43FC-BB9F-009640583DAF}
	EndGlobalSection
EndGlobal
